
Microsoft Visual Studio Solution File, Format Version 12.00
# Visual Studio Version 17
VisualStudioVersion = 17.6.33723.286
MinimumVisualStudioVersion = 10.0.40219.1
Project("{FAE04EC0-301F-11D3-BF4B-00C04F79EFBC}") = "Sem2CondicionalesVentana", "Sem2CondicionalesVentana\Sem2CondicionalesVentana.csproj", "{285D05F1-A55E-40B2-AF31-A14B6E77D7F0}"
EndProject
Global
	GlobalSection(SolutionConfigurationPlatforms) = preSolution
		Debug|Any CPU = Debug|Any CPU
		Release|Any CPU = Release|Any CPU
	EndGlobalSection
	GlobalSection(ProjectConfigurationPlatforms) = postSolution
		{285D05F1-A55E-40B2-AF31-A14B6E77D7F0}.Debug|Any CPU.ActiveCfg = Debug|Any CPU
		{285D05F1-A55E-40B2-AF31-A14B6E77D7F0}.Debug|Any CPU.Build.0 = Debug|Any CPU
		{285D05F1-A55E-40B2-AF31-A14B6E77D7F0}.Release|Any CPU.ActiveCfg = Release|Any CPU
		{285D05F1-A55E-40B2-AF31-A14B6E77D7F0}.Release|Any CPU.Build.0 = Release|Any CPU
	EndGlobalSection
	GlobalSection(SolutionProperties) = preSolution
		HideSolutionNode = FALSE
	EndGlobalSection
	GlobalSection(ExtensibilityGlobals) = postSolution
		SolutionGuid = {9D068B58-559E-4CD3-AD77-67343C3D8997}
	EndGlobalSection
EndGlobal
